<?xml version="1.0" encoding="UTF-8" standalone="yes" ?>
<CodeBlocks_project_file>
	<FileVersion major="1" minor="6" />
	<Project>
		<Option title="INF4215_TP3" />
		<Option pch_mode="2" />
		<Option compiler="mingw-w64" />
		<Build>
			<Target title="Debug">
				<Option output="bin/Debug/INF4215_TP3" prefix_auto="1" extension_auto="1" />
				<Option object_output="obj/Debug/" />
				<Option type="1" />
				<Option compiler="mingw-w64" />
				<Option parameters="window_size 1024 768 size 30 22 max_trail 8 seed 881970879 build_debug" />
				<Compiler>
					<Add option="-g" />
				</Compiler>
				<Linker>
					<Add library="sfml-graphics-d" />
					<Add library="sfml-window-d" />
					<Add library="sfml-system-d" />
				</Linker>
			</Target>
			<Target title="Release">
				<Option output="bin/Release/INF4215_TP3" prefix_auto="1" extension_auto="1" />
				<Option object_output="obj/Release/" />
				<Option type="0" />
				<Option compiler="mingw-w64" />
				<Compiler>
					<Add option="-O2" />
				</Compiler>
				<Linker>
					<Add option="-s" />
					<Add library="sfml-graphics" />
					<Add library="sfml-window" />
					<Add library="sfml-system" />
				</Linker>
			</Target>
		</Build>
		<Compiler>
			<Add option="-Wall" />
			<Add directory="./lib/SFML-2.2/include" />
			<Add directory="./src" />
		</Compiler>
		<Linker>
			<Add library="mingw32" />
			<Add library="user32" />
			<Add library="gdi32" />
			<Add library="winmm" />
			<Add library="dxguid" />
			<Add directory="./lib/SFML-2.2/lib" />
			<Add directory="./lib/SFML-2.2/bin" />
		</Linker>
		<Unit filename="src/Action.h" />
		<Unit filename="src/Controller.h" />
		<Unit filename="src/ControllerInput.cpp" />
		<Unit filename="src/ControllerInput.h" />
		<Unit filename="src/DisjointSet.h" />
		<Unit filename="src/Floor_Tile.png" />
		<Unit filename="src/Game.cpp" />
		<Unit filename="src/Game.h" />
		<Unit filename="src/GameHandler.cpp" />
		<Unit filename="src/GameHandler.h" />
		<Unit filename="src/Interpolation.h" />
		<Unit filename="src/Player.cpp" />
		<Unit filename="src/Player.h" />
		<Unit filename="src/Player1.png" />
		<Unit filename="src/Player2.png" />
		<Unit filename="src/Room.cpp" />
		<Unit filename="src/Room.h" />
		<Unit filename="src/Tile.cpp" />
		<Unit filename="src/Tile.h" />
		<Unit filename="src/TileFloor.cpp" />
		<Unit filename="src/TileFloor.h" />
		<Unit filename="src/TileMonster.cpp" />
		<Unit filename="src/TileMonster.h" />
		<Unit filename="src/TileTreasure.cpp" />
		<Unit filename="src/TileTreasure.h" />
		<Unit filename="src/TileWall.cpp" />
		<Unit filename="src/TileWall.h" />
		<Unit filename="src/Trail.cpp" />
		<Unit filename="src/Trail.h" />
		<Unit filename="src/Trail1.png" />
		<Unit filename="src/Wall_Tile.png" />
		<Unit filename="src/cb.bmp" />
		<Unit filename="src/main.cpp" />
		<Extensions>
			<code_completion />
			<envvars />
			<debugger />
			<lib_finder disable_auto="1" />
		</Extensions>
	</Project>
</CodeBlocks_project_file>
